github.com/ecc1/gpio v0.0.0-20171107174639-450ac9ea6df7 h1:87CukuBNR73j2KmipKlPkTLR1JaxTt0r9HXTDLUclD4=
github.com/ecc1/gpio v0.0.0-20171107174639-450ac9ea6df7/go.mod h1:LXSJyYdvUHvdCZFUJDqKHv0aRRXrTfZIVlYfBOslPmQ=
golang.org/x/sys v0.0.0-20191112214154-59a1497f0cea h1:Mz1TMnfJDRJLk8S8OPCoJYgrsp/Se/2TBre2+vwX128=
golang.org/x/sys v0.0.0-20191112214154-59a1497f0cea/go.mod h1:h1NjWce9XRLGQEsW7wpKNCjG9DtNlClVuFLEZdDNbEs=
